
Microsoft Visual Studio Solution File, Format Version 12.00
# Visual Studio Version 16
VisualStudioVersion = 16.0.31624.102
MinimumVisualStudioVersion = 10.0.40219.1
Project("{9A19103F-16F7-4668-BE54-9A1E7A4F7556}") = "task_10", "task_10\task_10.csproj", "{9A9BF8CF-8F27-4014-938B-FD34F61722D3}"
EndProject
Project("{FAE04EC0-301F-11D3-BF4B-00C04F79EFBC}") = "ClassLibrary1", "ClassLibrary1\ClassLibrary1.csproj", "{45BC546D-26E8-40B6-AD65-BAC55DC9F3F4}"
EndProject
Global
	GlobalSection(SolutionConfigurationPlatforms) = preSolution
		Debug|Any CPU = Debug|Any CPU
		Release|Any CPU = Release|Any CPU
	EndGlobalSection
	GlobalSection(ProjectConfigurationPlatforms) = postSolution
		{9A9BF8CF-8F27-4014-938B-FD34F61722D3}.Debug|Any CPU.ActiveCfg = Debug|Any CPU
		{9A9BF8CF-8F27-4014-938B-FD34F61722D3}.Debug|Any CPU.Build.0 = Debug|Any CPU
		{9A9BF8CF-8F27-4014-938B-FD34F61722D3}.Release|Any CPU.ActiveCfg = Release|Any CPU
		{9A9BF8CF-8F27-4014-938B-FD34F61722D3}.Release|Any CPU.Build.0 = Release|Any CPU
		{45BC546D-26E8-40B6-AD65-BAC55DC9F3F4}.Debug|Any CPU.ActiveCfg = Debug|Any CPU
		{45BC546D-26E8-40B6-AD65-BAC55DC9F3F4}.Debug|Any CPU.Build.0 = Debug|Any CPU
		{45BC546D-26E8-40B6-AD65-BAC55DC9F3F4}.Release|Any CPU.ActiveCfg = Release|Any CPU
		{45BC546D-26E8-40B6-AD65-BAC55DC9F3F4}.Release|Any CPU.Build.0 = Release|Any CPU
	EndGlobalSection
	GlobalSection(SolutionProperties) = preSolution
		HideSolutionNode = FALSE
	EndGlobalSection
	GlobalSection(ExtensibilityGlobals) = postSolution
		SolutionGuid = {1D2E1229-FF84-4FAB-A81F-5D82F070D16B}
	EndGlobalSection
EndGlobal
