
Microsoft Visual Studio Solution File, Format Version 12.00
# Visual Studio Version 16
VisualStudioVersion = 16.0.31005.135
MinimumVisualStudioVersion = 10.0.40219.1
Project("{FAE04EC0-301F-11D3-BF4B-00C04F79EFBC}") = "BookApp", "BookApp\BookApp.csproj", "{211929E8-C08A-40F6-A0A9-09A988B44B73}"
EndProject
Project("{FAE04EC0-301F-11D3-BF4B-00C04F79EFBC}") = "ClassLibrary1", "ClassLibrary1\ClassLibrary1.csproj", "{0FB08195-FC05-4876-9BB8-69DC3B5DF169}"
EndProject
Global
	GlobalSection(SolutionConfigurationPlatforms) = preSolution
		Debug|Any CPU = Debug|Any CPU
		Release|Any CPU = Release|Any CPU
	EndGlobalSection
	GlobalSection(ProjectConfigurationPlatforms) = postSolution
		{211929E8-C08A-40F6-A0A9-09A988B44B73}.Debug|Any CPU.ActiveCfg = Debug|Any CPU
		{211929E8-C08A-40F6-A0A9-09A988B44B73}.Debug|Any CPU.Build.0 = Debug|Any CPU
		{211929E8-C08A-40F6-A0A9-09A988B44B73}.Release|Any CPU.ActiveCfg = Release|Any CPU
		{211929E8-C08A-40F6-A0A9-09A988B44B73}.Release|Any CPU.Build.0 = Release|Any CPU
		{0FB08195-FC05-4876-9BB8-69DC3B5DF169}.Debug|Any CPU.ActiveCfg = Debug|Any CPU
		{0FB08195-FC05-4876-9BB8-69DC3B5DF169}.Debug|Any CPU.Build.0 = Debug|Any CPU
		{0FB08195-FC05-4876-9BB8-69DC3B5DF169}.Release|Any CPU.ActiveCfg = Release|Any CPU
		{0FB08195-FC05-4876-9BB8-69DC3B5DF169}.Release|Any CPU.Build.0 = Release|Any CPU
	EndGlobalSection
	GlobalSection(SolutionProperties) = preSolution
		HideSolutionNode = FALSE
	EndGlobalSection
	GlobalSection(ExtensibilityGlobals) = postSolution
		SolutionGuid = {390BD9FE-42A7-4406-A253-4A337004C758}
	EndGlobalSection
EndGlobal
