
Microsoft Visual Studio Solution File, Format Version 12.00
# Visual Studio Version 16
VisualStudioVersion = 16.0.31005.135
MinimumVisualStudioVersion = 10.0.40219.1
Project("{FAE04EC0-301F-11D3-BF4B-00C04F79EFBC}") = "zadanie_1", "zadanie_1\zadanie_1.csproj", "{48C91B09-6ED0-4252-B0A1-83984C0CCB72}"
EndProject
Project("{FAE04EC0-301F-11D3-BF4B-00C04F79EFBC}") = "zadanie_2", "zadanie_2\zadanie_2.csproj", "{161F10F1-CE10-46F3-B339-790C7CD5C46C}"
EndProject
Global
	GlobalSection(SolutionConfigurationPlatforms) = preSolution
		Debug|Any CPU = Debug|Any CPU
		Release|Any CPU = Release|Any CPU
	EndGlobalSection
	GlobalSection(ProjectConfigurationPlatforms) = postSolution
		{48C91B09-6ED0-4252-B0A1-83984C0CCB72}.Debug|Any CPU.ActiveCfg = Debug|Any CPU
		{48C91B09-6ED0-4252-B0A1-83984C0CCB72}.Debug|Any CPU.Build.0 = Debug|Any CPU
		{48C91B09-6ED0-4252-B0A1-83984C0CCB72}.Release|Any CPU.ActiveCfg = Release|Any CPU
		{48C91B09-6ED0-4252-B0A1-83984C0CCB72}.Release|Any CPU.Build.0 = Release|Any CPU
		{161F10F1-CE10-46F3-B339-790C7CD5C46C}.Debug|Any CPU.ActiveCfg = Debug|Any CPU
		{161F10F1-CE10-46F3-B339-790C7CD5C46C}.Debug|Any CPU.Build.0 = Debug|Any CPU
		{161F10F1-CE10-46F3-B339-790C7CD5C46C}.Release|Any CPU.ActiveCfg = Release|Any CPU
		{161F10F1-CE10-46F3-B339-790C7CD5C46C}.Release|Any CPU.Build.0 = Release|Any CPU
	EndGlobalSection
	GlobalSection(SolutionProperties) = preSolution
		HideSolutionNode = FALSE
	EndGlobalSection
	GlobalSection(ExtensibilityGlobals) = postSolution
		SolutionGuid = {93C50D4D-65B2-44DD-8248-81B5E570C2E5}
	EndGlobalSection
EndGlobal
