
Microsoft Visual Studio Solution File, Format Version 12.00
# Visual Studio Version 16
VisualStudioVersion = 16.0.31624.102
MinimumVisualStudioVersion = 10.0.40219.1
Project("{FAE04EC0-301F-11D3-BF4B-00C04F79EFBC}") = "task_17", "task_17\task_17.csproj", "{79FCD718-9C5F-4E9F-9CFD-EE4BD3BB7581}"
EndProject
Global
	GlobalSection(SolutionConfigurationPlatforms) = preSolution
		Debug|Any CPU = Debug|Any CPU
		Release|Any CPU = Release|Any CPU
	EndGlobalSection
	GlobalSection(ProjectConfigurationPlatforms) = postSolution
		{79FCD718-9C5F-4E9F-9CFD-EE4BD3BB7581}.Debug|Any CPU.ActiveCfg = Debug|Any CPU
		{79FCD718-9C5F-4E9F-9CFD-EE4BD3BB7581}.Debug|Any CPU.Build.0 = Debug|Any CPU
		{79FCD718-9C5F-4E9F-9CFD-EE4BD3BB7581}.Release|Any CPU.ActiveCfg = Release|Any CPU
		{79FCD718-9C5F-4E9F-9CFD-EE4BD3BB7581}.Release|Any CPU.Build.0 = Release|Any CPU
	EndGlobalSection
	GlobalSection(SolutionProperties) = preSolution
		HideSolutionNode = FALSE
	EndGlobalSection
	GlobalSection(ExtensibilityGlobals) = postSolution
		SolutionGuid = {7700C196-4E3E-4229-970B-075206770F4C}
	EndGlobalSection
EndGlobal
